
Microsoft Visual Studio Solution File, Format Version 12.00
Project("{FAE04EC0-301F-11D3-BF4B-00C04F79EFBC}") = "MRA.BlazorComponents", "MRA.BlazorComponents\MRA.BlazorComponents.csproj", "{012F51DA-6168-4412-AF9C-BD03F31FF104}"
EndProject
Global
	GlobalSection(SolutionConfigurationPlatforms) = preSolution
		Debug|Any CPU = Debug|Any CPU
		Release|Any CPU = Release|Any CPU
	EndGlobalSection
	GlobalSection(ProjectConfigurationPlatforms) = postSolution
		{012F51DA-6168-4412-AF9C-BD03F31FF104}.Debug|Any CPU.ActiveCfg = Debug|Any CPU
		{012F51DA-6168-4412-AF9C-BD03F31FF104}.Debug|Any CPU.Build.0 = Debug|Any CPU
		{012F51DA-6168-4412-AF9C-BD03F31FF104}.Release|Any CPU.ActiveCfg = Release|Any CPU
		{012F51DA-6168-4412-AF9C-BD03F31FF104}.Release|Any CPU.Build.0 = Release|Any CPU
	EndGlobalSection
EndGlobal
