
Microsoft Visual Studio Solution File, Format Version 12.00
# Visual Studio Version 17
VisualStudioVersion = 17.8.34316.72
MinimumVisualStudioVersion = 10.0.40219.1
Project("{9A19103F-16F7-4668-BE54-9A1E7A4F7556}") = "MRA.BlazorComponents", "MRA.BlazorComponents\MRA.BlazorComponents.csproj", "{012F51DA-6168-4412-AF9C-BD03F31FF104}"
EndProject
Global
	GlobalSection(SolutionConfigurationPlatforms) = preSolution
		Debug|Any CPU = Debug|Any CPU
		Release|Any CPU = Release|Any CPU
	EndGlobalSection
	GlobalSection(ProjectConfigurationPlatforms) = postSolution
		{012F51DA-6168-4412-AF9C-BD03F31FF104}.Debug|Any CPU.ActiveCfg = Debug|Any CPU
		{012F51DA-6168-4412-AF9C-BD03F31FF104}.Debug|Any CPU.Build.0 = Debug|Any CPU
		{012F51DA-6168-4412-AF9C-BD03F31FF104}.Release|Any CPU.ActiveCfg = Release|Any CPU
		{012F51DA-6168-4412-AF9C-BD03F31FF104}.Release|Any CPU.Build.0 = Release|Any CPU
	EndGlobalSection
	GlobalSection(SolutionProperties) = preSolution
		HideSolutionNode = FALSE
	EndGlobalSection
	GlobalSection(ExtensibilityGlobals) = postSolution
		SolutionGuid = {6189713D-0C07-40A8-B9FD-43B85E6C8773}
	EndGlobalSection
EndGlobal
